// !$*UTF8*$!
{
	archiveVersion = 1;
	classes = {
	};
	objectVersion = 56;
	objects = {

/* Begin PBXBuildFile section */
		B1AD0DBD29A0A1FE00A7C09F /* AppDelegate.swift in Sources */ = {isa = PBXBuildFile; fileRef = B1AD0DBC29A0A1FE00A7C09F /* AppDelegate.swift */; };
		B1AD0DBF29A0A1FE00A7C09F /* SceneDelegate.swift in Sources */ = {isa = PBXBuildFile; fileRef = B1AD0DBE29A0A1FE00A7C09F /* SceneDelegate.swift */; };
		B1AD0DC129A0A1FE00A7C09F /* ViewController.swift in Sources */ = {isa = PBXBuildFile; fileRef = B1AD0DC029A0A1FE00A7C09F /* ViewController.swift */; };
		B1AD0DC429A0A1FE00A7C09F /* Main.storyboard in Resources */ = {isa = PBXBuildFile; fileRef = B1AD0DC229A0A1FE00A7C09F /* Main.storyboard */; };
		B1AD0DC729A0A1FE00A7C09F /* musings.xcdatamodeld in Sources */ = {isa = PBXBuildFile; fileRef = B1AD0DC529A0A1FE00A7C09F /* musings.xcdatamodeld */; };
		B1AD0DC929A0A1FE00A7C09F /* Assets.xcassets in Resources */ = {isa = PBXBuildFile; fileRef = B1AD0DC829A0A1FE00A7C09F /* Assets.xcassets */; };
		B1AD0DCC29A0A1FE00A7C09F /* LaunchScreen.storyboard in Resources */ = {isa = PBXBuildFile; fileRef = B1AD0DCA29A0A1FE00A7C09F /* LaunchScreen.storyboard */; };
		B1AD0DD729A0A1FE00A7C09F /* musingsTests.swift in Sources */ = {isa = PBXBuildFile; fileRef = B1AD0DD629A0A1FE00A7C09F /* musingsTests.swift */; };
		B1AD0DE129A0A1FE00A7C09F /* musingsUITests.swift in Sources */ = {isa = PBXBuildFile; fileRef = B1AD0DE029A0A1FE00A7C09F /* musingsUITests.swift */; };
		B1AD0DE329A0A1FE00A7C09F /* musingsUITestsLaunchTests.swift in Sources */ = {isa = PBXBuildFile; fileRef = B1AD0DE229A0A1FE00A7C09F /* musingsUITestsLaunchTests.swift */; };
		B1AD0DF229A0B29D00A7C09F /* SpotifyiOS.xcframework in Frameworks */ = {isa = PBXBuildFile; fileRef = B1AD0DEF29A0A4E200A7C09F /* SpotifyiOS.xcframework */; };
		B1C7D50429A0C0C700360F66 /* SpotifyiOS.xcframework in Embed Frameworks */ = {isa = PBXBuildFile; fileRef = B1AD0DEF29A0A4E200A7C09F /* SpotifyiOS.xcframework */; settings = {ATTRIBUTES = (CodeSignOnCopy, RemoveHeadersOnCopy, ); }; };
		B1C7D50929A0C3C400360F66 /* constants.swift in Sources */ = {isa = PBXBuildFile; fileRef = B1C7D50829A0C3C400360F66 /* constants.swift */; };
		B1C7D51429A1833B00360F66 /* SpotifyAPI in Frameworks */ = {isa = PBXBuildFile; productRef = B1C7D51329A1833B00360F66 /* SpotifyAPI */; };
/* End PBXBuildFile section */

/* Begin PBXContainerItemProxy section */
		B1AD0DD329A0A1FE00A7C09F /* PBXContainerItemProxy */ = {
			isa = PBXContainerItemProxy;
			containerPortal = B1AD0DB129A0A1FD00A7C09F /* Project object */;
			proxyType = 1;
			remoteGlobalIDString = B1AD0DB829A0A1FE00A7C09F;
			remoteInfo = musings;
		};
		B1AD0DDD29A0A1FE00A7C09F /* PBXContainerItemProxy */ = {
			isa = PBXContainerItemProxy;
			containerPortal = B1AD0DB129A0A1FD00A7C09F /* Project object */;
			proxyType = 1;
			remoteGlobalIDString = B1AD0DB829A0A1FE00A7C09F;
			remoteInfo = musings;
		};
/* End PBXContainerItemProxy section */

/* Begin PBXCopyFilesBuildPhase section */
		B1AD0DF429A0B29D00A7C09F /* Embed Frameworks */ = {
			isa = PBXCopyFilesBuildPhase;
			buildActionMask = 2147483647;
			dstPath = "";
			dstSubfolderSpec = 10;
			files = (
				B1C7D50429A0C0C700360F66 /* SpotifyiOS.xcframework in Embed Frameworks */,
			);
			name = "Embed Frameworks";
			runOnlyForDeploymentPostprocessing = 0;
		};
/* End PBXCopyFilesBuildPhase section */

/* Begin PBXFileReference section */
		B1AD0DB929A0A1FE00A7C09F /* musings.app */ = {isa = PBXFileReference; explicitFileType = wrapper.application; includeInIndex = 0; path = musings.app; sourceTree = BUILT_PRODUCTS_DIR; };
		B1AD0DBC29A0A1FE00A7C09F /* AppDelegate.swift */ = {isa = PBXFileReference; lastKnownFileType = sourcecode.swift; path = AppDelegate.swift; sourceTree = "<group>"; };
		B1AD0DBE29A0A1FE00A7C09F /* SceneDelegate.swift */ = {isa = PBXFileReference; lastKnownFileType = sourcecode.swift; path = SceneDelegate.swift; sourceTree = "<group>"; };
		B1AD0DC029A0A1FE00A7C09F /* ViewController.swift */ = {isa = PBXFileReference; lastKnownFileType = sourcecode.swift; path = ViewController.swift; sourceTree = "<group>"; };
		B1AD0DC329A0A1FE00A7C09F /* Base */ = {isa = PBXFileReference; lastKnownFileType = file.storyboard; name = Base; path = Base.lproj/Main.storyboard; sourceTree = "<group>"; };
		B1AD0DC629A0A1FE00A7C09F /* musings.xcdatamodel */ = {isa = PBXFileReference; lastKnownFileType = wrapper.xcdatamodel; path = musings.xcdatamodel; sourceTree = "<group>"; };
		B1AD0DC829A0A1FE00A7C09F /* Assets.xcassets */ = {isa = PBXFileReference; lastKnownFileType = folder.assetcatalog; path = Assets.xcassets; sourceTree = "<group>"; };
		B1AD0DCB29A0A1FE00A7C09F /* Base */ = {isa = PBXFileReference; lastKnownFileType = file.storyboard; name = Base; path = Base.lproj/LaunchScreen.storyboard; sourceTree = "<group>"; };
		B1AD0DCD29A0A1FE00A7C09F /* Info.plist */ = {isa = PBXFileReference; lastKnownFileType = text.plist.xml; path = Info.plist; sourceTree = "<group>"; };
		B1AD0DD229A0A1FE00A7C09F /* musingsTests.xctest */ = {isa = PBXFileReference; explicitFileType = wrapper.cfbundle; includeInIndex = 0; path = musingsTests.xctest; sourceTree = BUILT_PRODUCTS_DIR; };
		B1AD0DD629A0A1FE00A7C09F /* musingsTests.swift */ = {isa = PBXFileReference; lastKnownFileType = sourcecode.swift; path = musingsTests.swift; sourceTree = "<group>"; };
		B1AD0DDC29A0A1FE00A7C09F /* musingsUITests.xctest */ = {isa = PBXFileReference; explicitFileType = wrapper.cfbundle; includeInIndex = 0; path = musingsUITests.xctest; sourceTree = BUILT_PRODUCTS_DIR; };
		B1AD0DE029A0A1FE00A7C09F /* musingsUITests.swift */ = {isa = PBXFileReference; lastKnownFileType = sourcecode.swift; path = musingsUITests.swift; sourceTree = "<group>"; };
		B1AD0DE229A0A1FE00A7C09F /* musingsUITestsLaunchTests.swift */ = {isa = PBXFileReference; lastKnownFileType = sourcecode.swift; path = musingsUITestsLaunchTests.swift; sourceTree = "<group>"; };
		B1AD0DEF29A0A4E200A7C09F /* SpotifyiOS.xcframework */ = {isa = PBXFileReference; lastKnownFileType = wrapper.xcframework; path = SpotifyiOS.xcframework; sourceTree = "<group>"; };
		B1C7D50529A0C25900360F66 /* musings-Bridging-Header.h */ = {isa = PBXFileReference; lastKnownFileType = sourcecode.c.h; path = "musings-Bridging-Header.h"; sourceTree = "<group>"; };
		B1C7D50829A0C3C400360F66 /* constants.swift */ = {isa = PBXFileReference; lastKnownFileType = sourcecode.swift; path = constants.swift; sourceTree = "<group>"; };
/* End PBXFileReference section */

/* Begin PBXFrameworksBuildPhase section */
		B1AD0DB629A0A1FE00A7C09F /* Frameworks */ = {
			isa = PBXFrameworksBuildPhase;
			buildActionMask = 2147483647;
			files = (
				B1C7D51429A1833B00360F66 /* SpotifyAPI in Frameworks */,
				B1AD0DF229A0B29D00A7C09F /* SpotifyiOS.xcframework in Frameworks */,
			);
			runOnlyForDeploymentPostprocessing = 0;
		};
		B1AD0DCF29A0A1FE00A7C09F /* Frameworks */ = {
			isa = PBXFrameworksBuildPhase;
			buildActionMask = 2147483647;
			files = (
			);
			runOnlyForDeploymentPostprocessing = 0;
		};
		B1AD0DD929A0A1FE00A7C09F /* Frameworks */ = {
			isa = PBXFrameworksBuildPhase;
			buildActionMask = 2147483647;
			files = (
			);
			runOnlyForDeploymentPostprocessing = 0;
		};
/* End PBXFrameworksBuildPhase section */

/* Begin PBXGroup section */
		B1AD0DB029A0A1FD00A7C09F = {
			isa = PBXGroup;
			children = (
				B1AD0DBB29A0A1FE00A7C09F /* musings */,
				B1AD0DD529A0A1FE00A7C09F /* musingsTests */,
				B1AD0DDF29A0A1FE00A7C09F /* musingsUITests */,
				B1AD0DBA29A0A1FE00A7C09F /* Products */,
			);
			sourceTree = "<group>";
		};
		B1AD0DBA29A0A1FE00A7C09F /* Products */ = {
			isa = PBXGroup;
			children = (
				B1AD0DB929A0A1FE00A7C09F /* musings.app */,
				B1AD0DD229A0A1FE00A7C09F /* musingsTests.xctest */,
				B1AD0DDC29A0A1FE00A7C09F /* musingsUITests.xctest */,
			);
			name = Products;
			sourceTree = "<group>";
		};
		B1AD0DBB29A0A1FE00A7C09F /* musings */ = {
			isa = PBXGroup;
			children = (
				B1AD0DF129A0B22500A7C09F /* Files */,
				B1AD0DBE29A0A1FE00A7C09F /* SceneDelegate.swift */,
				B1AD0DC029A0A1FE00A7C09F /* ViewController.swift */,
				B1C7D50529A0C25900360F66 /* musings-Bridging-Header.h */,
			);
			path = musings;
			sourceTree = "<group>";
		};
		B1AD0DD529A0A1FE00A7C09F /* musingsTests */ = {
			isa = PBXGroup;
			children = (
				B1AD0DD629A0A1FE00A7C09F /* musingsTests.swift */,
			);
			path = musingsTests;
			sourceTree = "<group>";
		};
		B1AD0DDF29A0A1FE00A7C09F /* musingsUITests */ = {
			isa = PBXGroup;
			children = (
				B1AD0DE029A0A1FE00A7C09F /* musingsUITests.swift */,
				B1AD0DE229A0A1FE00A7C09F /* musingsUITestsLaunchTests.swift */,
			);
			path = musingsUITests;
			sourceTree = "<group>";
		};
		B1AD0DF129A0B22500A7C09F /* Files */ = {
			isa = PBXGroup;
			children = (
				B1AD0DCA29A0A1FE00A7C09F /* LaunchScreen.storyboard */,
				B1AD0DEF29A0A4E200A7C09F /* SpotifyiOS.xcframework */,
				B1AD0DC529A0A1FE00A7C09F /* musings.xcdatamodeld */,
				B1AD0DCD29A0A1FE00A7C09F /* Info.plist */,
				B1AD0DC829A0A1FE00A7C09F /* Assets.xcassets */,
				B1AD0DC229A0A1FE00A7C09F /* Main.storyboard */,
				B1AD0DBC29A0A1FE00A7C09F /* AppDelegate.swift */,
				B1C7D50829A0C3C400360F66 /* constants.swift */,
			);
			name = Files;
			sourceTree = "<group>";
		};
/* End PBXGroup section */

/* Begin PBXNativeTarget section */
		B1AD0DB829A0A1FE00A7C09F /* musings */ = {
			isa = PBXNativeTarget;
			buildConfigurationList = B1AD0DE629A0A1FE00A7C09F /* Build configuration list for PBXNativeTarget "musings" */;
			buildPhases = (
				B1AD0DB529A0A1FE00A7C09F /* Sources */,
				B1AD0DB629A0A1FE00A7C09F /* Frameworks */,
				B1AD0DB729A0A1FE00A7C09F /* Resources */,
				B1AD0DF429A0B29D00A7C09F /* Embed Frameworks */,
			);
			buildRules = (
			);
			dependencies = (
			);
			name = musings;
			packageProductDependencies = (
				B1C7D51329A1833B00360F66 /* SpotifyAPI */,
			);
			productName = musings;
			productReference = B1AD0DB929A0A1FE00A7C09F /* musings.app */;
			productType = "com.apple.product-type.application";
		};
		B1AD0DD129A0A1FE00A7C09F /* musingsTests */ = {
			isa = PBXNativeTarget;
			buildConfigurationList = B1AD0DE929A0A1FE00A7C09F /* Build configuration list for PBXNativeTarget "musingsTests" */;
			buildPhases = (
				B1AD0DCE29A0A1FE00A7C09F /* Sources */,
				B1AD0DCF29A0A1FE00A7C09F /* Frameworks */,
				B1AD0DD029A0A1FE00A7C09F /* Resources */,
			);
			buildRules = (
			);
			dependencies = (
				B1AD0DD429A0A1FE00A7C09F /* PBXTargetDependency */,
			);
			name = musingsTests;
			productName = musingsTests;
			productReference = B1AD0DD229A0A1FE00A7C09F /* musingsTests.xctest */;
			productType = "com.apple.product-type.bundle.unit-test";
		};
		B1AD0DDB29A0A1FE00A7C09F /* musingsUITests */ = {
			isa = PBXNativeTarget;
			buildConfigurationList = B1AD0DEC29A0A1FE00A7C09F /* Build configuration list for PBXNativeTarget "musingsUITests" */;
			buildPhases = (
				B1AD0DD829A0A1FE00A7C09F /* Sources */,
				B1AD0DD929A0A1FE00A7C09F /* Frameworks */,
				B1AD0DDA29A0A1FE00A7C09F /* Resources */,
			);
			buildRules = (
			);
			dependencies = (
				B1AD0DDE29A0A1FE00A7C09F /* PBXTargetDependency */,
			);
			name = musingsUITests;
			productName = musingsUITests;
			productReference = B1AD0DDC29A0A1FE00A7C09F /* musingsUITests.xctest */;
			productType = "com.apple.product-type.bundle.ui-testing";
		};
/* End PBXNativeTarget section */

/* Begin PBXProject section */
		B1AD0DB129A0A1FD00A7C09F /* Project object */ = {
			isa = PBXProject;
			attributes = {
				BuildIndependentTargetsInParallel = 1;
				LastSwiftUpdateCheck = 1420;
				LastUpgradeCheck = 1420;
				TargetAttributes = {
					B1AD0DB829A0A1FE00A7C09F = {
						CreatedOnToolsVersion = 14.2;
						LastSwiftMigration = 1420;
					};
					B1AD0DD129A0A1FE00A7C09F = {
						CreatedOnToolsVersion = 14.2;
						TestTargetID = B1AD0DB829A0A1FE00A7C09F;
					};
					B1AD0DDB29A0A1FE00A7C09F = {
						CreatedOnToolsVersion = 14.2;
						TestTargetID = B1AD0DB829A0A1FE00A7C09F;
					};
				};
			};
			buildConfigurationList = B1AD0DB429A0A1FD00A7C09F /* Build configuration list for PBXProject "musings" */;
			compatibilityVersion = "Xcode 14.0";
			developmentRegion = en;
			hasScannedForEncodings = 0;
			knownRegions = (
				en,
				Base,
			);
			mainGroup = B1AD0DB029A0A1FD00A7C09F;
			packageReferences = (
				B1C7D51229A1833B00360F66 /* XCRemoteSwiftPackageReference "SpotifyAPI" */,
			);
			productRefGroup = B1AD0DBA29A0A1FE00A7C09F /* Products */;
			projectDirPath = "";
			projectRoot = "";
			targets = (
				B1AD0DB829A0A1FE00A7C09F /* musings */,
				B1AD0DD129A0A1FE00A7C09F /* musingsTests */,
				B1AD0DDB29A0A1FE00A7C09F /* musingsUITests */,
			);
		};
/* End PBXProject section */

/* Begin PBXResourcesBuildPhase section */
		B1AD0DB729A0A1FE00A7C09F /* Resources */ = {
			isa = PBXResourcesBuildPhase;
			buildActionMask = 2147483647;
			files = (
				B1AD0DCC29A0A1FE00A7C09F /* LaunchScreen.storyboard in Resources */,
				B1AD0DC929A0A1FE00A7C09F /* Assets.xcassets in Resources */,
				B1AD0DC429A0A1FE00A7C09F /* Main.storyboard in Resources */,
			);
			runOnlyForDeploymentPostprocessing = 0;
		};
		B1AD0DD029A0A1FE00A7C09F /* Resources */ = {
			isa = PBXResourcesBuildPhase;
			buildActionMask = 2147483647;
			files = (
			);
			runOnlyForDeploymentPostprocessing = 0;
		};
		B1AD0DDA29A0A1FE00A7C09F /* Resources */ = {
			isa = PBXResourcesBuildPhase;
			buildActionMask = 2147483647;
			files = (
			);
			runOnlyForDeploymentPostprocessing = 0;
		};
/* End PBXResourcesBuildPhase section */

/* Begin PBXSourcesBuildPhase section */
		B1AD0DB529A0A1FE00A7C09F /* Sources */ = {
			isa = PBXSourcesBuildPhase;
			buildActionMask = 2147483647;
			files = (
				B1AD0DC129A0A1FE00A7C09F /* ViewController.swift in Sources */,
				B1AD0DBD29A0A1FE00A7C09F /* AppDelegate.swift in Sources */,
				B1AD0DC729A0A1FE00A7C09F /* musings.xcdatamodeld in Sources */,
				B1C7D50929A0C3C400360F66 /* constants.swift in Sources */,
				B1AD0DBF29A0A1FE00A7C09F /* SceneDelegate.swift in Sources */,
			);
			runOnlyForDeploymentPostprocessing = 0;
		};
		B1AD0DCE29A0A1FE00A7C09F /* Sources */ = {
			isa = PBXSourcesBuildPhase;
			buildActionMask = 2147483647;
			files = (
				B1AD0DD729A0A1FE00A7C09F /* musingsTests.swift in Sources */,
			);
			runOnlyForDeploymentPostprocessing = 0;
		};
		B1AD0DD829A0A1FE00A7C09F /* Sources */ = {
			isa = PBXSourcesBuildPhase;
			buildActionMask = 2147483647;
			files = (
				B1AD0DE129A0A1FE00A7C09F /* musingsUITests.swift in Sources */,
				B1AD0DE329A0A1FE00A7C09F /* musingsUITestsLaunchTests.swift in Sources */,
			);
			runOnlyForDeploymentPostprocessing = 0;
		};
/* End PBXSourcesBuildPhase section */

/* Begin PBXTargetDependency section */
		B1AD0DD429A0A1FE00A7C09F /* PBXTargetDependency */ = {
			isa = PBXTargetDependency;
			target = B1AD0DB829A0A1FE00A7C09F /* musings */;
			targetProxy = B1AD0DD329A0A1FE00A7C09F /* PBXContainerItemProxy */;
		};
		B1AD0DDE29A0A1FE00A7C09F /* PBXTargetDependency */ = {
			isa = PBXTargetDependency;
			target = B1AD0DB829A0A1FE00A7C09F /* musings */;
			targetProxy = B1AD0DDD29A0A1FE00A7C09F /* PBXContainerItemProxy */;
		};
/* End PBXTargetDependency section */

/* Begin PBXVariantGroup section */
		B1AD0DC229A0A1FE00A7C09F /* Main.storyboard */ = {
			isa = PBXVariantGroup;
			children = (
				B1AD0DC329A0A1FE00A7C09F /* Base */,
			);
			name = Main.storyboard;
			sourceTree = "<group>";
		};
		B1AD0DCA29A0A1FE00A7C09F /* LaunchScreen.storyboard */ = {
			isa = PBXVariantGroup;
			children = (
				B1AD0DCB29A0A1FE00A7C09F /* Base */,
			);
			name = LaunchScreen.storyboard;
			sourceTree = "<group>";
		};
/* End PBXVariantGroup section */

/* Begin XCBuildConfiguration section */
		B1AD0DE429A0A1FE00A7C09F /* Debug */ = {
			isa = XCBuildConfiguration;
			buildSettings = {
				ALWAYS_SEARCH_USER_PATHS = NO;
				CLANG_ANALYZER_NONNULL = YES;
				CLANG_ANALYZER_NUMBER_OBJECT_CONVERSION = YES_AGGRESSIVE;
				CLANG_CXX_LANGUAGE_STANDARD = "gnu++20";
				CLANG_ENABLE_MODULES = YES;
				CLANG_ENABLE_OBJC_ARC = YES;
				CLANG_ENABLE_OBJC_WEAK = YES;
				CLANG_WARN_BLOCK_CAPTURE_AUTORELEASING = YES;
				CLANG_WARN_BOOL_CONVERSION = YES;
				CLANG_WARN_COMMA = YES;
				CLANG_WARN_CONSTANT_CONVERSION = YES;
				CLANG_WARN_DEPRECATED_OBJC_IMPLEMENTATIONS = YES;
				CLANG_WARN_DIRECT_OBJC_ISA_USAGE = YES_ERROR;
				CLANG_WARN_DOCUMENTATION_COMMENTS = YES;
				CLANG_WARN_EMPTY_BODY = YES;
				CLANG_WARN_ENUM_CONVERSION = YES;
				CLANG_WARN_INFINITE_RECURSION = YES;
				CLANG_WARN_INT_CONVERSION = YES;
				CLANG_WARN_NON_LITERAL_NULL_CONVERSION = YES;
				CLANG_WARN_OBJC_IMPLICIT_RETAIN_SELF = YES;
				CLANG_WARN_OBJC_LITERAL_CONVERSION = YES;
				CLANG_WARN_OBJC_ROOT_CLASS = YES_ERROR;
				CLANG_WARN_QUOTED_INCLUDE_IN_FRAMEWORK_HEADER = YES;
				CLANG_WARN_RANGE_LOOP_ANALYSIS = YES;
				CLANG_WARN_STRICT_PROTOTYPES = YES;
				CLANG_WARN_SUSPICIOUS_MOVE = YES;
				CLANG_WARN_UNGUARDED_AVAILABILITY = YES_AGGRESSIVE;
				CLANG_WARN_UNREACHABLE_CODE = YES;
				CLANG_WARN__DUPLICATE_METHOD_MATCH = YES;
				COPY_PHASE_STRIP = NO;
				DEBUG_INFORMATION_FORMAT = dwarf;
				ENABLE_STRICT_OBJC_MSGSEND = YES;
				ENABLE_TESTABILITY = YES;
				GCC_C_LANGUAGE_STANDARD = gnu11;
				GCC_DYNAMIC_NO_PIC = NO;
				GCC_NO_COMMON_BLOCKS = YES;
				GCC_OPTIMIZATION_LEVEL = 0;
				GCC_PREPROCESSOR_DEFINITIONS = (
					"DEBUG=1",
					"$(inherited)",
				);
				GCC_WARN_64_TO_32_BIT_CONVERSION = YES;
				GCC_WARN_ABOUT_RETURN_TYPE = YES_ERROR;
				GCC_WARN_UNDECLARED_SELECTOR = YES;
				GCC_WARN_UNINITIALIZED_AUTOS = YES_AGGRESSIVE;
				GCC_WARN_UNUSED_FUNCTION = YES;
				GCC_WARN_UNUSED_VARIABLE = YES;
				IPHONEOS_DEPLOYMENT_TARGET = 16.2;
				MTL_ENABLE_DEBUG_INFO = INCLUDE_SOURCE;
				MTL_FAST_MATH = YES;
				ONLY_ACTIVE_ARCH = YES;
				SDKROOT = iphoneos;
				SWIFT_ACTIVE_COMPILATION_CONDITIONS = DEBUG;
				SWIFT_OPTIMIZATION_LEVEL = "-Onone";
			};
			name = Debug;
		};
		B1AD0DE529A0A1FE00A7C09F /* Release */ = {
			isa = XCBuildConfiguration;
			buildSettings = {
				ALWAYS_SEARCH_USER_PATHS = NO;
				CLANG_ANALYZER_NONNULL = YES;
				CLANG_ANALYZER_NUMBER_OBJECT_CONVERSION = YES_AGGRESSIVE;
				CLANG_CXX_LANGUAGE_STANDARD = "gnu++20";
				CLANG_ENABLE_MODULES = YES;
				CLANG_ENABLE_OBJC_ARC = YES;
				CLANG_ENABLE_OBJC_WEAK = YES;
				CLANG_WARN_BLOCK_CAPTURE_AUTORELEASING = YES;
				CLANG_WARN_BOOL_CONVERSION = YES;
				CLANG_WARN_COMMA = YES;
				CLANG_WARN_CONSTANT_CONVERSION = YES;
				CLANG_WARN_DEPRECATED_OBJC_IMPLEMENTATIONS = YES;
				CLANG_WARN_DIRECT_OBJC_ISA_USAGE = YES_ERROR;
				CLANG_WARN_DOCUMENTATION_COMMENTS = YES;
				CLANG_WARN_EMPTY_BODY = YES;
				CLANG_WARN_ENUM_CONVERSION = YES;
				CLANG_WARN_INFINITE_RECURSION = YES;
				CLANG_WARN_INT_CONVERSION = YES;
				CLANG_WARN_NON_LITERAL_NULL_CONVERSION = YES;
				CLANG_WARN_OBJC_IMPLICIT_RETAIN_SELF = YES;
				CLANG_WARN_OBJC_LITERAL_CONVERSION = YES;
				CLANG_WARN_OBJC_ROOT_CLASS = YES_ERROR;
				CLANG_WARN_QUOTED_INCLUDE_IN_FRAMEWORK_HEADER = YES;
				CLANG_WARN_RANGE_LOOP_ANALYSIS = YES;
				CLANG_WARN_STRICT_PROTOTYPES = YES;
				CLANG_WARN_SUSPICIOUS_MOVE = YES;
				CLANG_WARN_UNGUARDED_AVAILABILITY = YES_AGGRESSIVE;
				CLANG_WARN_UNREACHABLE_CODE = YES;
				CLANG_WARN__DUPLICATE_METHOD_MATCH = YES;
				COPY_PHASE_STRIP = NO;
				DEBUG_INFORMATION_FORMAT = "dwarf-with-dsym";
				ENABLE_NS_ASSERTIONS = NO;
				ENABLE_STRICT_OBJC_MSGSEND = YES;
				GCC_C_LANGUAGE_STANDARD = gnu11;
				GCC_NO_COMMON_BLOCKS = YES;
				GCC_WARN_64_TO_32_BIT_CONVERSION = YES;
				GCC_WARN_ABOUT_RETURN_TYPE = YES_ERROR;
				GCC_WARN_UNDECLARED_SELECTOR = YES;
				GCC_WARN_UNINITIALIZED_AUTOS = YES_AGGRESSIVE;
				GCC_WARN_UNUSED_FUNCTION = YES;
				GCC_WARN_UNUSED_VARIABLE = YES;
				IPHONEOS_DEPLOYMENT_TARGET = 16.2;
				MTL_ENABLE_DEBUG_INFO = NO;
				MTL_FAST_MATH = YES;
				SDKROOT = iphoneos;
				SWIFT_COMPILATION_MODE = wholemodule;
				SWIFT_OPTIMIZATION_LEVEL = "-O";
				VALIDATE_PRODUCT = YES;
			};
			name = Release;
		};
		B1AD0DE729A0A1FE00A7C09F /* Debug */ = {
			isa = XCBuildConfiguration;
			buildSettings = {
				ASSETCATALOG_COMPILER_APPICON_NAME = AppIcon;
				ASSETCATALOG_COMPILER_GLOBAL_ACCENT_COLOR_NAME = AccentColor;
				CLANG_ENABLE_MODULES = YES;
				CODE_SIGN_STYLE = Automatic;
				CURRENT_PROJECT_VERSION = 1;
				DEVELOPMENT_TEAM = N469Z86Q4X;
				GENERATE_INFOPLIST_FILE = YES;
				INFOPLIST_FILE = musings/Info.plist;
				INFOPLIST_KEY_CFBundleDisplayName = Musings;
				INFOPLIST_KEY_UIApplicationSupportsIndirectInputEvents = YES;
				INFOPLIST_KEY_UILaunchStoryboardName = LaunchScreen;
				INFOPLIST_KEY_UIMainStoryboardFile = Main;
				INFOPLIST_KEY_UISupportedInterfaceOrientations_iPad = "UIInterfaceOrientationPortrait UIInterfaceOrientationPortraitUpsideDown UIInterfaceOrientationLandscapeLeft UIInterfaceOrientationLandscapeRight";
				INFOPLIST_KEY_UISupportedInterfaceOrientations_iPhone = "UIInterfaceOrientationPortrait UIInterfaceOrientationLandscapeLeft UIInterfaceOrientationLandscapeRight";
				IPHONEOS_DEPLOYMENT_TARGET = 16.0;
				LD_RUNPATH_SEARCH_PATHS = (
					"$(inherited)",
					"@executable_path/Frameworks",
				);
				MARKETING_VERSION = 1.0;
				OTHER_LDFLAGS = "-ObjC";
				PRODUCT_BUNDLE_IDENTIFIER = treehacks.musings;
				PRODUCT_NAME = "$(TARGET_NAME)";
				SWIFT_EMIT_LOC_STRINGS = YES;
				SWIFT_OBJC_BRIDGING_HEADER = "musings/musings-Bridging-Header.h";
				SWIFT_OPTIMIZATION_LEVEL = "-Onone";
				SWIFT_VERSION = 5.0;
				TARGETED_DEVICE_FAMILY = "1,2";
			};
			name = Debug;
		};
		B1AD0DE829A0A1FE00A7C09F /* Release */ = {
			isa = XCBuildConfiguration;
			buildSettings = {
				ASSETCATALOG_COMPILER_APPICON_NAME = AppIcon;
				ASSETCATALOG_COMPILER_GLOBAL_ACCENT_COLOR_NAME = AccentColor;
				CLANG_ENABLE_MODULES = YES;
				CODE_SIGN_STYLE = Automatic;
				CURRENT_PROJECT_VERSION = 1;
				DEVELOPMENT_TEAM = N469Z86Q4X;
				GENERATE_INFOPLIST_FILE = YES;
				INFOPLIST_FILE = musings/Info.plist;
				INFOPLIST_KEY_CFBundleDisplayName = Musings;
				INFOPLIST_KEY_UIApplicationSupportsIndirectInputEvents = YES;
				INFOPLIST_KEY_UILaunchStoryboardName = LaunchScreen;
				INFOPLIST_KEY_UIMainStoryboardFile = Main;
				INFOPLIST_KEY_UISupportedInterfaceOrientations_iPad = "UIInterfaceOrientationPortrait UIInterfaceOrientationPortraitUpsideDown UIInterfaceOrientationLandscapeLeft UIInterfaceOrientationLandscapeRight";
				INFOPLIST_KEY_UISupportedInterfaceOrientations_iPhone = "UIInterfaceOrientationPortrait UIInterfaceOrientationLandscapeLeft UIInterfaceOrientationLandscapeRight";
				IPHONEOS_DEPLOYMENT_TARGET = 16.0;
				LD_RUNPATH_SEARCH_PATHS = (
					"$(inherited)",
					"@executable_path/Frameworks",
				);
				MARKETING_VERSION = 1.0;
				OTHER_LDFLAGS = "-ObjC";
				PRODUCT_BUNDLE_IDENTIFIER = treehacks.musings;
				PRODUCT_NAME = "$(TARGET_NAME)";
				SWIFT_EMIT_LOC_STRINGS = YES;
				SWIFT_OBJC_BRIDGING_HEADER = "musings/musings-Bridging-Header.h";
				SWIFT_VERSION = 5.0;
				TARGETED_DEVICE_FAMILY = "1,2";
			};
			name = Release;
		};
		B1AD0DEA29A0A1FE00A7C09F /* Debug */ = {
			isa = XCBuildConfiguration;
			buildSettings = {
				ALWAYS_EMBED_SWIFT_STANDARD_LIBRARIES = YES;
				BUNDLE_LOADER = "$(TEST_HOST)";
				CODE_SIGN_STYLE = Automatic;
				CURRENT_PROJECT_VERSION = 1;
				GENERATE_INFOPLIST_FILE = YES;
				IPHONEOS_DEPLOYMENT_TARGET = 16.2;
				MARKETING_VERSION = 1.0;
				PRODUCT_BUNDLE_IDENTIFIER = treehacks.musingsTests;
				PRODUCT_NAME = "$(TARGET_NAME)";
				SWIFT_EMIT_LOC_STRINGS = NO;
				SWIFT_VERSION = 5.0;
				TARGETED_DEVICE_FAMILY = "1,2";
				TEST_HOST = "$(BUILT_PRODUCTS_DIR)/musings.app/$(BUNDLE_EXECUTABLE_FOLDER_PATH)/musings";
			};
			name = Debug;
		};
		B1AD0DEB29A0A1FE00A7C09F /* Release */ = {
			isa = XCBuildConfiguration;
			buildSettings = {
				ALWAYS_EMBED_SWIFT_STANDARD_LIBRARIES = YES;
				BUNDLE_LOADER = "$(TEST_HOST)";
				CODE_SIGN_STYLE = Automatic;
				CURRENT_PROJECT_VERSION = 1;
				GENERATE_INFOPLIST_FILE = YES;
				IPHONEOS_DEPLOYMENT_TARGET = 16.2;
				MARKETING_VERSION = 1.0;
				PRODUCT_BUNDLE_IDENTIFIER = treehacks.musingsTests;
				PRODUCT_NAME = "$(TARGET_NAME)";
				SWIFT_EMIT_LOC_STRINGS = NO;
				SWIFT_VERSION = 5.0;
				TARGETED_DEVICE_FAMILY = "1,2";
				TEST_HOST = "$(BUILT_PRODUCTS_DIR)/musings.app/$(BUNDLE_EXECUTABLE_FOLDER_PATH)/musings";
			};
			name = Release;
		};
		B1AD0DED29A0A1FE00A7C09F /* Debug */ = {
			isa = XCBuildConfiguration;
			buildSettings = {
				ALWAYS_EMBED_SWIFT_STANDARD_LIBRARIES = YES;
				CODE_SIGN_STYLE = Automatic;
				CURRENT_PROJECT_VERSION = 1;
				GENERATE_INFOPLIST_FILE = YES;
				MARKETING_VERSION = 1.0;
				PRODUCT_BUNDLE_IDENTIFIER = treehacks.musingsUITests;
				PRODUCT_NAME = "$(TARGET_NAME)";
				SWIFT_EMIT_LOC_STRINGS = NO;
				SWIFT_VERSION = 5.0;
				TARGETED_DEVICE_FAMILY = "1,2";
				TEST_TARGET_NAME = musings;
			};
			name = Debug;
		};
		B1AD0DEE29A0A1FE00A7C09F /* Release */ = {
			isa = XCBuildConfiguration;
			buildSettings = {
				ALWAYS_EMBED_SWIFT_STANDARD_LIBRARIES = YES;
				CODE_SIGN_STYLE = Automatic;
				CURRENT_PROJECT_VERSION = 1;
				GENERATE_INFOPLIST_FILE = YES;
				MARKETING_VERSION = 1.0;
				PRODUCT_BUNDLE_IDENTIFIER = treehacks.musingsUITests;
				PRODUCT_NAME = "$(TARGET_NAME)";
				SWIFT_EMIT_LOC_STRINGS = NO;
				SWIFT_VERSION = 5.0;
				TARGETED_DEVICE_FAMILY = "1,2";
				TEST_TARGET_NAME = musings;
			};
			name = Release;
		};
/* End XCBuildConfiguration section */

/* Begin XCConfigurationList section */
		B1AD0DB429A0A1FD00A7C09F /* Build configuration list for PBXProject "musings" */ = {
			isa = XCConfigurationList;
			buildConfigurations = (
				B1AD0DE429A0A1FE00A7C09F /* Debug */,
				B1AD0DE529A0A1FE00A7C09F /* Release */,
			);
			defaultConfigurationIsVisible = 0;
			defaultConfigurationName = Release;
		};
		B1AD0DE629A0A1FE00A7C09F /* Build configuration list for PBXNativeTarget "musings" */ = {
			isa = XCConfigurationList;
			buildConfigurations = (
				B1AD0DE729A0A1FE00A7C09F /* Debug */,
				B1AD0DE829A0A1FE00A7C09F /* Release */,
			);
			defaultConfigurationIsVisible = 0;
			defaultConfigurationName = Release;
		};
		B1AD0DE929A0A1FE00A7C09F /* Build configuration list for PBXNativeTarget "musingsTests" */ = {
			isa = XCConfigurationList;
			buildConfigurations = (
				B1AD0DEA29A0A1FE00A7C09F /* Debug */,
				B1AD0DEB29A0A1FE00A7C09F /* Release */,
			);
			defaultConfigurationIsVisible = 0;
			defaultConfigurationName = Release;
		};
		B1AD0DEC29A0A1FE00A7C09F /* Build configuration list for PBXNativeTarget "musingsUITests" */ = {
			isa = XCConfigurationList;
			buildConfigurations = (
				B1AD0DED29A0A1FE00A7C09F /* Debug */,
				B1AD0DEE29A0A1FE00A7C09F /* Release */,
			);
			defaultConfigurationIsVisible = 0;
			defaultConfigurationName = Release;
		};
/* End XCConfigurationList section */

/* Begin XCRemoteSwiftPackageReference section */
		B1C7D51229A1833B00360F66 /* XCRemoteSwiftPackageReference "SpotifyAPI" */ = {
			isa = XCRemoteSwiftPackageReference;
			repositoryURL = "https://github.com/Peter-Schorn/SpotifyAPI.git";
			requirement = {
				kind = upToNextMajorVersion;
				minimumVersion = 2.0.0;
			};
		};
/* End XCRemoteSwiftPackageReference section */

/* Begin XCSwiftPackageProductDependency section */
		B1C7D51329A1833B00360F66 /* SpotifyAPI */ = {
			isa = XCSwiftPackageProductDependency;
			package = B1C7D51229A1833B00360F66 /* XCRemoteSwiftPackageReference "SpotifyAPI" */;
			productName = SpotifyAPI;
		};
/* End XCSwiftPackageProductDependency section */

/* Begin XCVersionGroup section */
		B1AD0DC529A0A1FE00A7C09F /* musings.xcdatamodeld */ = {
			isa = XCVersionGroup;
			children = (
				B1AD0DC629A0A1FE00A7C09F /* musings.xcdatamodel */,
			);
			currentVersion = B1AD0DC629A0A1FE00A7C09F /* musings.xcdatamodel */;
			path = musings.xcdatamodeld;
			sourceTree = "<group>";
			versionGroupType = wrapper.xcdatamodel;
		};
/* End XCVersionGroup section */
	};
	rootObject = B1AD0DB129A0A1FD00A7C09F /* Project object */;
}
